{
    "version": 3,
    "terraform_version": "0.11.7",
    "serial": 6,
    "lineage": "6b68d61e-90bc-f7f4-e013-f6d3f26766db",
    "modules": [
        {
            "path": [
                "root"
            ],
            "outputs": {},
            "resources": {},
            "depends_on": []
        },
        {
            "path": [
                "root",
                "vpc"
            ],
            "outputs": {
                "network_name": {
                    "sensitive": false,
                    "type": "string",
                    "value": "example-vpc"
                },
                "network_self_link": {
                    "sensitive": false,
                    "type": "string",
                    "value": "https://www.googleapis.com/compute/v1/projects/bnc-pso-poc/global/networks/example-vpc"
                },
                "subnets_flow_logs": {
                    "sensitive": false,
                    "type": "list",
                    "value": [
                        "false",
                        "true"
                    ]
                },
                "subnets_ips": {
                    "sensitive": false,
                    "type": "list",
                    "value": [
                        "10.10.10.0/24",
                        "10.10.20.0/24"
                    ]
                },
                "subnets_names": {
                    "sensitive": false,
                    "type": "list",
                    "value": [
                        "subnet-01",
                        "subnet-02"
                    ]
                },
                "subnets_private_access": {
                    "sensitive": false,
                    "type": "list",
                    "value": [
                        "false",
                        "true"
                    ]
                },
                "subnets_regions": {
                    "sensitive": false,
                    "type": "list",
                    "value": [
                        "us-west1",
                        "us-west1"
                    ]
                },
                "subnets_secondary_ranges": {
                    "sensitive": false,
                    "type": "list",
                    "value": [
                        [
                            {
                                "ip_cidr_range": "192.168.64.0/24",
                                "range_name": "subnet-01-secondary-01"
                            }
                        ],
                        []
                    ]
                }
            },
            "resources": {
                "google_compute_network.network": {
                    "type": "google_compute_network",
                    "depends_on": [],
                    "primary": {
                        "id": "example-vpc",
                        "attributes": {
                            "auto_create_subnetworks": "false",
                            "description": "",
                            "gateway_ipv4": "",
                            "id": "example-vpc",
                            "ipv4_range": "",
                            "name": "example-vpc",
                            "project": "bnc-pso-poc",
                            "routing_mode": "GLOBAL",
                            "self_link": "https://www.googleapis.com/compute/v1/projects/bnc-pso-poc/global/networks/example-vpc"
                        },
                        "meta": {},
                        "tainted": false
                    },
                    "deposed": [],
                    "provider": "provider.google"
                },
                "google_compute_route.route.0": {
                    "type": "google_compute_route",
                    "depends_on": [
                        "google_compute_network.network",
                        "google_compute_subnetwork.subnetwork"
                    ],
                    "primary": {
                        "id": "egress-internet",
                        "attributes": {
                            "description": "route through IGW to access internet",
                            "dest_range": "0.0.0.0/0",
                            "id": "egress-internet",
                            "name": "egress-internet",
                            "network": "https://www.googleapis.com/compute/v1/projects/bnc-pso-poc/global/networks/example-vpc",
                            "next_hop_gateway": "https://www.googleapis.com/compute/v1/projects/bnc-pso-poc/global/gateways/default-internet-gateway",
                            "next_hop_instance": "",
                            "next_hop_ip": "",
                            "next_hop_network": "",
                            "next_hop_vpn_tunnel": "",
                            "priority": "1000",
                            "project": "bnc-pso-poc",
                            "self_link": "https://www.googleapis.com/compute/v1/projects/bnc-pso-poc/global/routes/egress-internet",
                            "tags.#": "1",
                            "tags.495188763": "egress-inet"
                        },
                        "meta": {
                            "e2bfb730-ecaa-11e6-8f88-34363bc7c4c0": {
                                "create": 240000000000,
                                "delete": 240000000000
                            }
                        },
                        "tainted": false
                    },
                    "deposed": [],
                    "provider": "provider.google"
                },
                "google_compute_subnetwork.subnetwork.0": {
                    "type": "google_compute_subnetwork",
                    "depends_on": [
                        "google_compute_network.network"
                    ],
                    "primary": {
                        "id": "us-west1/subnet-01",
                        "attributes": {
                            "creation_timestamp": "2018-11-24T20:49:32.844-08:00",
                            "description": "",
                            "enable_flow_logs": "false",
                            "fingerprint": "uP9BQKM8Hgo=",
                            "gateway_address": "10.10.10.1",
                            "id": "us-west1/subnet-01",
                            "ip_cidr_range": "10.10.10.0/24",
                            "name": "subnet-01",
                            "network": "https://www.googleapis.com/compute/beta/projects/bnc-pso-poc/global/networks/example-vpc",
                            "private_ip_google_access": "false",
                            "project": "bnc-pso-poc",
                            "region": "us-west1",
                            "secondary_ip_range.#": "1",
                            "secondary_ip_range.0.ip_cidr_range": "192.168.64.0/24",
                            "secondary_ip_range.0.range_name": "subnet-01-secondary-01",
                            "self_link": "https://www.googleapis.com/compute/v1/projects/bnc-pso-poc/regions/us-west1/subnetworks/subnet-01"
                        },
                        "meta": {
                            "e2bfb730-ecaa-11e6-8f88-34363bc7c4c0": {
                                "create": 360000000000,
                                "delete": 360000000000,
                                "update": 360000000000
                            }
                        },
                        "tainted": false
                    },
                    "deposed": [],
                    "provider": "provider.google"
                },
                "google_compute_subnetwork.subnetwork.1": {
                    "type": "google_compute_subnetwork",
                    "depends_on": [
                        "google_compute_network.network"
                    ],
                    "primary": {
                        "id": "us-west1/subnet-02",
                        "attributes": {
                            "creation_timestamp": "2018-11-24T20:49:32.913-08:00",
                            "description": "",
                            "enable_flow_logs": "true",
                            "fingerprint": "bUIp-RtYFoQ=",
                            "gateway_address": "10.10.20.1",
                            "id": "us-west1/subnet-02",
                            "ip_cidr_range": "10.10.20.0/24",
                            "name": "subnet-02",
                            "network": "https://www.googleapis.com/compute/beta/projects/bnc-pso-poc/global/networks/example-vpc",
                            "private_ip_google_access": "true",
                            "project": "bnc-pso-poc",
                            "region": "us-west1",
                            "secondary_ip_range.#": "0",
                            "self_link": "https://www.googleapis.com/compute/v1/projects/bnc-pso-poc/regions/us-west1/subnetworks/subnet-02"
                        },
                        "meta": {
                            "e2bfb730-ecaa-11e6-8f88-34363bc7c4c0": {
                                "create": 360000000000,
                                "delete": 360000000000,
                                "update": 360000000000
                            }
                        },
                        "tainted": false
                    },
                    "deposed": [],
                    "provider": "provider.google"
                }
            },
            "depends_on": []
        }
    ]
}
